Microsoft Visual Studio Solution File, Format Version 11.00
# Visual Studio 2008

Project("{7B26850B-DEF7-7D67-D5FF-D129521651DF}") = "MunktellSciencePark", "Assembly-CSharp.csproj", "{39B704D0-8431-8C60-D6BC-63028F787DF8}"
EndProject
Project("{7B26850B-DEF7-7D67-D5FF-D129521651DF}") = "MunktellSciencePark", "Assembly-CSharp-Editor.csproj", "{ADABC254-1D81-08B1-5C9E-342BC7466B16}"
EndProject
Global
	GlobalSection(SolutionConfigurationPlatforms) = preSolution
		Debug|Any CPU = Debug|Any CPU
		Release|Any CPU = Release|Any CPU
	EndGlobalSection
	GlobalSection(ProjectConfigurationPlatforms) = postSolution
		{39B704D0-8431-8C60-D6BC-63028F787DF8}.Debug|Any CPU.ActiveCfg = Debug|Any CPU
		{39B704D0-8431-8C60-D6BC-63028F787DF8}.Debug|Any CPU.Build.0 = Debug|Any CPU
		{39B704D0-8431-8C60-D6BC-63028F787DF8}.Release|Any CPU.ActiveCfg = Release|Any CPU
		{39B704D0-8431-8C60-D6BC-63028F787DF8}.Release|Any CPU.Build.0 = Release|Any CPU
		{ADABC254-1D81-08B1-5C9E-342BC7466B16}.Debug|Any CPU.ActiveCfg = Debug|Any CPU
		{ADABC254-1D81-08B1-5C9E-342BC7466B16}.Debug|Any CPU.Build.0 = Debug|Any CPU
		{ADABC254-1D81-08B1-5C9E-342BC7466B16}.Release|Any CPU.ActiveCfg = Release|Any CPU
		{ADABC254-1D81-08B1-5C9E-342BC7466B16}.Release|Any CPU.Build.0 = Release|Any CPU
	EndGlobalSection
	GlobalSection(SolutionProperties) = preSolution
		HideSolutionNode = FALSE
	EndGlobalSection
	GlobalSection(MonoDevelopProperties) = preSolution
		StartupItem = Assembly-CSharp.csproj
	EndGlobalSection
EndGlobal
